// !$*UTF8*$!
{
	archiveVersion = 1;
	classes = {
	};
	objectVersion = 56;
	objects = {

/* Begin PBXBuildFile section */
		7871935C2C64A2090085DD10 /* LoaderView.swift in Sources */ = {isa = PBXBuildFile; fileRef = 7871935B2C64A2090085DD10 /* LoaderView.swift */; };
		7871935F2C64A24D0085DD10 /* LoaderModifier.swift in Sources */ = {isa = PBXBuildFile; fileRef = 7871935E2C64A24D0085DD10 /* LoaderModifier.swift */; };
		787193612C64AA080085DD10 /* PortadaBaloncestoModel.swift in Sources */ = {isa = PBXBuildFile; fileRef = 787193602C64AA080085DD10 /* PortadaBaloncestoModel.swift */; };
		787193642C64F02B0085DD10 /* PortadaBaloncestoView.swift in Sources */ = {isa = PBXBuildFile; fileRef = 787193632C64F02B0085DD10 /* PortadaBaloncestoView.swift */; };
		787193662C64F0480085DD10 /* PortadaBaloncestoPresenter.swift in Sources */ = {isa = PBXBuildFile; fileRef = 787193652C64F0480085DD10 /* PortadaBaloncestoPresenter.swift */; };
		787193682C64F04F0085DD10 /* PortadaBaloncestoProvider.swift in Sources */ = {isa = PBXBuildFile; fileRef = 787193672C64F04F0085DD10 /* PortadaBaloncestoProvider.swift */; };
		7871936A2C64F0590085DD10 /* PortadaBaloncestoCoordinator.swift in Sources */ = {isa = PBXBuildFile; fileRef = 787193692C64F0590085DD10 /* PortadaBaloncestoCoordinator.swift */; };
		7871936C2C6512860085DD10 /* PortadaBaloncestoTipoUno.swift in Sources */ = {isa = PBXBuildFile; fileRef = 7871936B2C6512860085DD10 /* PortadaBaloncestoTipoUno.swift */; };
		7871936E2C6516410085DD10 /* PortadaMotorModel.swift in Sources */ = {isa = PBXBuildFile; fileRef = 7871936D2C6516410085DD10 /* PortadaMotorModel.swift */; };
		787193702C65167D0085DD10 /* PortadaMasDeporteModel.swift in Sources */ = {isa = PBXBuildFile; fileRef = 7871936F2C65167D0085DD10 /* PortadaMasDeporteModel.swift */; };
		787193732C6516D80085DD10 /* PortadaMasDeporteView.swift in Sources */ = {isa = PBXBuildFile; fileRef = 787193722C6516D80085DD10 /* PortadaMasDeporteView.swift */; };
		787193752C6516E90085DD10 /* PortadaMasDeportePresenter.swift in Sources */ = {isa = PBXBuildFile; fileRef = 787193742C6516E90085DD10 /* PortadaMasDeportePresenter.swift */; };
		787193772C6516F10085DD10 /* PortadaMasDeporteProvider.swift in Sources */ = {isa = PBXBuildFile; fileRef = 787193762C6516F10085DD10 /* PortadaMasDeporteProvider.swift */; };
		787193792C6516F80085DD10 /* PortadaMasDeporteCoordinator.swift in Sources */ = {isa = PBXBuildFile; fileRef = 787193782C6516F80085DD10 /* PortadaMasDeporteCoordinator.swift */; };
		7871937B2C6518CA0085DD10 /* PortadaMasDeporteTipoDos.swift in Sources */ = {isa = PBXBuildFile; fileRef = 7871937A2C6518CA0085DD10 /* PortadaMasDeporteTipoDos.swift */; };
		7871937E2C651CD40085DD10 /* PortadaMotorView.swift in Sources */ = {isa = PBXBuildFile; fileRef = 7871937D2C651CD40085DD10 /* PortadaMotorView.swift */; };
		787193802C651CE50085DD10 /* PortadaMotorPresenter.swift in Sources */ = {isa = PBXBuildFile; fileRef = 7871937F2C651CE50085DD10 /* PortadaMotorPresenter.swift */; };
		787193822C651CEE0085DD10 /* PortadaMotorProvider.swift in Sources */ = {isa = PBXBuildFile; fileRef = 787193812C651CEE0085DD10 /* PortadaMotorProvider.swift */; };
		787193842C651CF70085DD10 /* PortadaMotorCoordinator.swift in Sources */ = {isa = PBXBuildFile; fileRef = 787193832C651CF70085DD10 /* PortadaMotorCoordinator.swift */; };
		787193862C651F720085DD10 /* PortadaMotorTipoUnoView.swift in Sources */ = {isa = PBXBuildFile; fileRef = 787193852C651F720085DD10 /* PortadaMotorTipoUnoView.swift */; };
		7871938A2C65F8230085DD10 /* PortadaTenisView.swift in Sources */ = {isa = PBXBuildFile; fileRef = 787193892C65F8230085DD10 /* PortadaTenisView.swift */; };
		7871938C2C65F8330085DD10 /* PortadaTenisPresenter.swift in Sources */ = {isa = PBXBuildFile; fileRef = 7871938B2C65F8330085DD10 /* PortadaTenisPresenter.swift */; };
		7871938E2C65F83C0085DD10 /* PortadaTenisProvider.swift in Sources */ = {isa = PBXBuildFile; fileRef = 7871938D2C65F83C0085DD10 /* PortadaTenisProvider.swift */; };
		787193902C65F8440085DD10 /* PortadaTenisCoordinator.swift in Sources */ = {isa = PBXBuildFile; fileRef = 7871938F2C65F8440085DD10 /* PortadaTenisCoordinator.swift */; };
		787193922C66217D0085DD10 /* PortadaTenisModel.swift in Sources */ = {isa = PBXBuildFile; fileRef = 787193912C66217D0085DD10 /* PortadaTenisModel.swift */; };
		787193942C6624A70085DD10 /* PortadaTenisTipoUno.swift in Sources */ = {isa = PBXBuildFile; fileRef = 787193932C6624A70085DD10 /* PortadaTenisTipoUno.swift */; };
		787471992C4A6BBA008ACBBD /* RequestModel.swift in Sources */ = {isa = PBXBuildFile; fileRef = 787471982C4A6BBA008ACBBD /* RequestModel.swift */; };
		7874719B2C4A6BF5008ACBBD /* Service.swift in Sources */ = {isa = PBXBuildFile; fileRef = 7874719A2C4A6BF5008ACBBD /* Service.swift */; };
		7874719D2C4A6C13008ACBBD /* NetworkError.swift in Sources */ = {isa = PBXBuildFile; fileRef = 7874719C2C4A6C13008ACBBD /* NetworkError.swift */; };
		7874719F2C4A6C39008ACBBD /* Logger.swift in Sources */ = {isa = PBXBuildFile; fileRef = 7874719E2C4A6C39008ACBBD /* Logger.swift */; };
		787471A22C4A6EDD008ACBBD /* BaseMVVM.swift in Sources */ = {isa = PBXBuildFile; fileRef = 787471A12C4A6EDD008ACBBD /* BaseMVVM.swift */; };
		787471A42C4A6F18008ACBBD /* PortadaCoordinator.swift in Sources */ = {isa = PBXBuildFile; fileRef = 787471A32C4A6F18008ACBBD /* PortadaCoordinator.swift */; };
		787471A62C4A6F7B008ACBBD /* PortadaProvider.swift in Sources */ = {isa = PBXBuildFile; fileRef = 787471A52C4A6F7B008ACBBD /* PortadaProvider.swift */; };
		787471A92C4A7348008ACBBD /* HomePresenter.swift in Sources */ = {isa = PBXBuildFile; fileRef = 787471A82C4A7348008ACBBD /* HomePresenter.swift */; };
		787471AB2C4A7363008ACBBD /* HomeView.swift in Sources */ = {isa = PBXBuildFile; fileRef = 787471AA2C4A7363008ACBBD /* HomeView.swift */; };
		787471B02C4AD2BB008ACBBD /* PortadaTipoUno.swift in Sources */ = {isa = PBXBuildFile; fileRef = 787471AF2C4AD2BB008ACBBD /* PortadaTipoUno.swift */; };
		787471B22C4AD551008ACBBD /* ImageLoader.swift in Sources */ = {isa = PBXBuildFile; fileRef = 787471B12C4AD551008ACBBD /* ImageLoader.swift */; };
		787471B42C4AEDF2008ACBBD /* PortadaTipoDos.swift in Sources */ = {isa = PBXBuildFile; fileRef = 787471B32C4AEDF2008ACBBD /* PortadaTipoDos.swift */; };
		78ABA2D82C53A14E00155FC9 /* TredingBarModel.swift in Sources */ = {isa = PBXBuildFile; fileRef = 78ABA2D72C53A14E00155FC9 /* TredingBarModel.swift */; };
		78ABA2DA2C57DE4700155FC9 /* CustomWebView.swift in Sources */ = {isa = PBXBuildFile; fileRef = 78ABA2D92C57DE4700155FC9 /* CustomWebView.swift */; };
		78ABA2DC2C57E69A00155FC9 /* MainHeaderView.swift in Sources */ = {isa = PBXBuildFile; fileRef = 78ABA2DB2C57E69A00155FC9 /* MainHeaderView.swift */; };
		78ABA2DE2C57FFA600155FC9 /* PortadaVideoGenericoView.swift in Sources */ = {isa = PBXBuildFile; fileRef = 78ABA2DD2C57FFA600155FC9 /* PortadaVideoGenericoView.swift */; };
		78ABA2E02C5800D500155FC9 /* PortadaCarrouselVideos.swift in Sources */ = {isa = PBXBuildFile; fileRef = 78ABA2DF2C5800D500155FC9 /* PortadaCarrouselVideos.swift */; };
		78ABA2E22C58023200155FC9 /* VideosCarrouselModel.swift in Sources */ = {isa = PBXBuildFile; fileRef = 78ABA2E12C58023200155FC9 /* VideosCarrouselModel.swift */; };
		78ABA2E52C580ACF00155FC9 /* VideosView.swift in Sources */ = {isa = PBXBuildFile; fileRef = 78ABA2E42C580ACF00155FC9 /* VideosView.swift */; };
		78ABA2E72C580AE700155FC9 /* VideosPresenter.swift in Sources */ = {isa = PBXBuildFile; fileRef = 78ABA2E62C580AE700155FC9 /* VideosPresenter.swift */; };
		78ABA2E92C580BC900155FC9 /* VideosProvider.swift in Sources */ = {isa = PBXBuildFile; fileRef = 78ABA2E82C580BC900155FC9 /* VideosProvider.swift */; };
		78ABA2EB2C580CB100155FC9 /* VideosCoordinator.swift in Sources */ = {isa = PBXBuildFile; fileRef = 78ABA2EA2C580CB100155FC9 /* VideosCoordinator.swift */; };
		78ABA2EE2C5BE7D500155FC9 /* PortadaFutbolView.swift in Sources */ = {isa = PBXBuildFile; fileRef = 78ABA2ED2C5BE7D500155FC9 /* PortadaFutbolView.swift */; };
		78ABA2F02C5BE7EF00155FC9 /* PortadaFutbolPresenter.swift in Sources */ = {isa = PBXBuildFile; fileRef = 78ABA2EF2C5BE7EF00155FC9 /* PortadaFutbolPresenter.swift */; };
		78ABA2F22C5BE7F900155FC9 /* PortadaFutbolProvider.swift in Sources */ = {isa = PBXBuildFile; fileRef = 78ABA2F12C5BE7F900155FC9 /* PortadaFutbolProvider.swift */; };
		78ABA2F42C5BE80100155FC9 /* PortadaFutbolCoordinator.swift in Sources */ = {isa = PBXBuildFile; fileRef = 78ABA2F32C5BE80100155FC9 /* PortadaFutbolCoordinator.swift */; };
		78ABA2F62C5BE9CF00155FC9 /* PortadaFutbolModel.swift in Sources */ = {isa = PBXBuildFile; fileRef = 78ABA2F52C5BE9CF00155FC9 /* PortadaFutbolModel.swift */; };
		78D46DC42B51C62000A450AD /* iRulloApp.swift in Sources */ = {isa = PBXBuildFile; fileRef = 78D46DC32B51C62000A450AD /* iRulloApp.swift */; };
		78D46DC82B51C62100A450AD /* Assets.xcassets in Resources */ = {isa = PBXBuildFile; fileRef = 78D46DC72B51C62100A450AD /* Assets.xcassets */; };
		78D46DCB2B51C62100A450AD /* Preview Assets.xcassets in Resources */ = {isa = PBXBuildFile; fileRef = 78D46DCA2B51C62100A450AD /* Preview Assets.xcassets */; };
		78F8156F2C4968AC00EFF38B /* MainView.swift in Sources */ = {isa = PBXBuildFile; fileRef = 78F8156E2C4968AC00EFF38B /* MainView.swift */; };
		78F815732C49693C00EFF38B /* NetworkRequestable.swift in Sources */ = {isa = PBXBuildFile; fileRef = 78F815722C49693C00EFF38B /* NetworkRequestable.swift */; };
		78F815752C4969AA00EFF38B /* Helpers.swift in Sources */ = {isa = PBXBuildFile; fileRef = 78F815742C4969AA00EFF38B /* Helpers.swift */; };
		78F8157A2C496B2300EFF38B /* PortadaView.swift in Sources */ = {isa = PBXBuildFile; fileRef = 78F815792C496B2300EFF38B /* PortadaView.swift */; };
		78F8157C2C496B2E00EFF38B /* PortadaPresenter.swift in Sources */ = {isa = PBXBuildFile; fileRef = 78F8157B2C496B2E00EFF38B /* PortadaPresenter.swift */; };
		78F8157F2C496BBD00EFF38B /* PortadaModel.swift in Sources */ = {isa = PBXBuildFile; fileRef = 78F8157E2C496BBD00EFF38B /* PortadaModel.swift */; };
/* End PBXBuildFile section */

/* Begin PBXFileReference section */
		7871935B2C64A2090085DD10 /* LoaderView.swift */ = {isa = PBXFileReference; lastKnownFileType = sourcecode.swift; path = LoaderView.swift; sourceTree = "<group>"; };
		7871935E2C64A24D0085DD10 /* LoaderModifier.swift */ = {isa = PBXFileReference; lastKnownFileType = sourcecode.swift; path = LoaderModifier.swift; sourceTree = "<group>"; };
		787193602C64AA080085DD10 /* PortadaBaloncestoModel.swift */ = {isa = PBXFileReference; lastKnownFileType = sourcecode.swift; path = PortadaBaloncestoModel.swift; sourceTree = "<group>"; };
		787193632C64F02B0085DD10 /* PortadaBaloncestoView.swift */ = {isa = PBXFileReference; lastKnownFileType = sourcecode.swift; path = PortadaBaloncestoView.swift; sourceTree = "<group>"; };
		787193652C64F0480085DD10 /* PortadaBaloncestoPresenter.swift */ = {isa = PBXFileReference; lastKnownFileType = sourcecode.swift; path = PortadaBaloncestoPresenter.swift; sourceTree = "<group>"; };
		787193672C64F04F0085DD10 /* PortadaBaloncestoProvider.swift */ = {isa = PBXFileReference; lastKnownFileType = sourcecode.swift; path = PortadaBaloncestoProvider.swift; sourceTree = "<group>"; };
		787193692C64F0590085DD10 /* PortadaBaloncestoCoordinator.swift */ = {isa = PBXFileReference; lastKnownFileType = sourcecode.swift; path = PortadaBaloncestoCoordinator.swift; sourceTree = "<group>"; };
		7871936B2C6512860085DD10 /* PortadaBaloncestoTipoUno.swift */ = {isa = PBXFileReference; lastKnownFileType = sourcecode.swift; path = PortadaBaloncestoTipoUno.swift; sourceTree = "<group>"; };
		7871936D2C6516410085DD10 /* PortadaMotorModel.swift */ = {isa = PBXFileReference; lastKnownFileType = sourcecode.swift; path = PortadaMotorModel.swift; sourceTree = "<group>"; };
		7871936F2C65167D0085DD10 /* PortadaMasDeporteModel.swift */ = {isa = PBXFileReference; lastKnownFileType = sourcecode.swift; path = PortadaMasDeporteModel.swift; sourceTree = "<group>"; };
		787193722C6516D80085DD10 /* PortadaMasDeporteView.swift */ = {isa = PBXFileReference; lastKnownFileType = sourcecode.swift; path = PortadaMasDeporteView.swift; sourceTree = "<group>"; };
		787193742C6516E90085DD10 /* PortadaMasDeportePresenter.swift */ = {isa = PBXFileReference; lastKnownFileType = sourcecode.swift; path = PortadaMasDeportePresenter.swift; sourceTree = "<group>"; };
		787193762C6516F10085DD10 /* PortadaMasDeporteProvider.swift */ = {isa = PBXFileReference; lastKnownFileType = sourcecode.swift; path = PortadaMasDeporteProvider.swift; sourceTree = "<group>"; };
		787193782C6516F80085DD10 /* PortadaMasDeporteCoordinator.swift */ = {isa = PBXFileReference; lastKnownFileType = sourcecode.swift; path = PortadaMasDeporteCoordinator.swift; sourceTree = "<group>"; };
		7871937A2C6518CA0085DD10 /* PortadaMasDeporteTipoDos.swift */ = {isa = PBXFileReference; lastKnownFileType = sourcecode.swift; path = PortadaMasDeporteTipoDos.swift; sourceTree = "<group>"; };
		7871937D2C651CD40085DD10 /* PortadaMotorView.swift */ = {isa = PBXFileReference; lastKnownFileType = sourcecode.swift; path = PortadaMotorView.swift; sourceTree = "<group>"; };
		7871937F2C651CE50085DD10 /* PortadaMotorPresenter.swift */ = {isa = PBXFileReference; lastKnownFileType = sourcecode.swift; path = PortadaMotorPresenter.swift; sourceTree = "<group>"; };
		787193812C651CEE0085DD10 /* PortadaMotorProvider.swift */ = {isa = PBXFileReference; lastKnownFileType = sourcecode.swift; path = PortadaMotorProvider.swift; sourceTree = "<group>"; };
		787193832C651CF70085DD10 /* PortadaMotorCoordinator.swift */ = {isa = PBXFileReference; lastKnownFileType = sourcecode.swift; path = PortadaMotorCoordinator.swift; sourceTree = "<group>"; };
		787193852C651F720085DD10 /* PortadaMotorTipoUnoView.swift */ = {isa = PBXFileReference; lastKnownFileType = sourcecode.swift; path = PortadaMotorTipoUnoView.swift; sourceTree = "<group>"; };
		787193892C65F8230085DD10 /* PortadaTenisView.swift */ = {isa = PBXFileReference; lastKnownFileType = sourcecode.swift; path = PortadaTenisView.swift; sourceTree = "<group>"; };
		7871938B2C65F8330085DD10 /* PortadaTenisPresenter.swift */ = {isa = PBXFileReference; lastKnownFileType = sourcecode.swift; path = PortadaTenisPresenter.swift; sourceTree = "<group>"; };
		7871938D2C65F83C0085DD10 /* PortadaTenisProvider.swift */ = {isa = PBXFileReference; lastKnownFileType = sourcecode.swift; path = PortadaTenisProvider.swift; sourceTree = "<group>"; };
		7871938F2C65F8440085DD10 /* PortadaTenisCoordinator.swift */ = {isa = PBXFileReference; lastKnownFileType = sourcecode.swift; path = PortadaTenisCoordinator.swift; sourceTree = "<group>"; };
		787193912C66217D0085DD10 /* PortadaTenisModel.swift */ = {isa = PBXFileReference; lastKnownFileType = sourcecode.swift; path = PortadaTenisModel.swift; sourceTree = "<group>"; };
		787193932C6624A70085DD10 /* PortadaTenisTipoUno.swift */ = {isa = PBXFileReference; lastKnownFileType = sourcecode.swift; path = PortadaTenisTipoUno.swift; sourceTree = "<group>"; };
		787471982C4A6BBA008ACBBD /* RequestModel.swift */ = {isa = PBXFileReference; lastKnownFileType = sourcecode.swift; path = RequestModel.swift; sourceTree = "<group>"; };
		7874719A2C4A6BF5008ACBBD /* Service.swift */ = {isa = PBXFileReference; lastKnownFileType = sourcecode.swift; path = Service.swift; sourceTree = "<group>"; };
		7874719C2C4A6C13008ACBBD /* NetworkError.swift */ = {isa = PBXFileReference; lastKnownFileType = sourcecode.swift; path = NetworkError.swift; sourceTree = "<group>"; };
		7874719E2C4A6C39008ACBBD /* Logger.swift */ = {isa = PBXFileReference; lastKnownFileType = sourcecode.swift; path = Logger.swift; sourceTree = "<group>"; };
		787471A12C4A6EDD008ACBBD /* BaseMVVM.swift */ = {isa = PBXFileReference; fileEncoding = 4; lastKnownFileType = sourcecode.swift; path = BaseMVVM.swift; sourceTree = "<group>"; };
		787471A32C4A6F18008ACBBD /* PortadaCoordinator.swift */ = {isa = PBXFileReference; lastKnownFileType = sourcecode.swift; path = PortadaCoordinator.swift; sourceTree = "<group>"; };
		787471A52C4A6F7B008ACBBD /* PortadaProvider.swift */ = {isa = PBXFileReference; lastKnownFileType = sourcecode.swift; path = PortadaProvider.swift; sourceTree = "<group>"; };
		787471A82C4A7348008ACBBD /* HomePresenter.swift */ = {isa = PBXFileReference; lastKnownFileType = sourcecode.swift; path = HomePresenter.swift; sourceTree = "<group>"; };
		787471AA2C4A7363008ACBBD /* HomeView.swift */ = {isa = PBXFileReference; lastKnownFileType = sourcecode.swift; path = HomeView.swift; sourceTree = "<group>"; };
		787471AF2C4AD2BB008ACBBD /* PortadaTipoUno.swift */ = {isa = PBXFileReference; lastKnownFileType = sourcecode.swift; path = PortadaTipoUno.swift; sourceTree = "<group>"; };
		787471B12C4AD551008ACBBD /* ImageLoader.swift */ = {isa = PBXFileReference; lastKnownFileType = sourcecode.swift; path = ImageLoader.swift; sourceTree = "<group>"; };
		787471B32C4AEDF2008ACBBD /* PortadaTipoDos.swift */ = {isa = PBXFileReference; lastKnownFileType = sourcecode.swift; path = PortadaTipoDos.swift; sourceTree = "<group>"; };
		78ABA2D72C53A14E00155FC9 /* TredingBarModel.swift */ = {isa = PBXFileReference; lastKnownFileType = sourcecode.swift; path = TredingBarModel.swift; sourceTree = "<group>"; };
		78ABA2D92C57DE4700155FC9 /* CustomWebView.swift */ = {isa = PBXFileReference; lastKnownFileType = sourcecode.swift; path = CustomWebView.swift; sourceTree = "<group>"; };
		78ABA2DB2C57E69A00155FC9 /* MainHeaderView.swift */ = {isa = PBXFileReference; lastKnownFileType = sourcecode.swift; path = MainHeaderView.swift; sourceTree = "<group>"; };
		78ABA2DD2C57FFA600155FC9 /* PortadaVideoGenericoView.swift */ = {isa = PBXFileReference; lastKnownFileType = sourcecode.swift; path = PortadaVideoGenericoView.swift; sourceTree = "<group>"; };
		78ABA2DF2C5800D500155FC9 /* PortadaCarrouselVideos.swift */ = {isa = PBXFileReference; lastKnownFileType = sourcecode.swift; path = PortadaCarrouselVideos.swift; sourceTree = "<group>"; };
		78ABA2E12C58023200155FC9 /* VideosCarrouselModel.swift */ = {isa = PBXFileReference; lastKnownFileType = sourcecode.swift; path = VideosCarrouselModel.swift; sourceTree = "<group>"; };
		78ABA2E42C580ACF00155FC9 /* VideosView.swift */ = {isa = PBXFileReference; lastKnownFileType = sourcecode.swift; path = VideosView.swift; sourceTree = "<group>"; };
		78ABA2E62C580AE700155FC9 /* VideosPresenter.swift */ = {isa = PBXFileReference; lastKnownFileType = sourcecode.swift; path = VideosPresenter.swift; sourceTree = "<group>"; };
		78ABA2E82C580BC900155FC9 /* VideosProvider.swift */ = {isa = PBXFileReference; lastKnownFileType = sourcecode.swift; path = VideosProvider.swift; sourceTree = "<group>"; };
		78ABA2EA2C580CB100155FC9 /* VideosCoordinator.swift */ = {isa = PBXFileReference; lastKnownFileType = sourcecode.swift; path = VideosCoordinator.swift; sourceTree = "<group>"; };
		78ABA2ED2C5BE7D500155FC9 /* PortadaFutbolView.swift */ = {isa = PBXFileReference; lastKnownFileType = sourcecode.swift; path = PortadaFutbolView.swift; sourceTree = "<group>"; };
		78ABA2EF2C5BE7EF00155FC9 /* PortadaFutbolPresenter.swift */ = {isa = PBXFileReference; lastKnownFileType = sourcecode.swift; path = PortadaFutbolPresenter.swift; sourceTree = "<group>"; };
		78ABA2F12C5BE7F900155FC9 /* PortadaFutbolProvider.swift */ = {isa = PBXFileReference; lastKnownFileType = sourcecode.swift; path = PortadaFutbolProvider.swift; sourceTree = "<group>"; };
		78ABA2F32C5BE80100155FC9 /* PortadaFutbolCoordinator.swift */ = {isa = PBXFileReference; lastKnownFileType = sourcecode.swift; path = PortadaFutbolCoordinator.swift; sourceTree = "<group>"; };
		78ABA2F52C5BE9CF00155FC9 /* PortadaFutbolModel.swift */ = {isa = PBXFileReference; lastKnownFileType = sourcecode.swift; path = PortadaFutbolModel.swift; sourceTree = "<group>"; };
		78D46DC02B51C62000A450AD /* iRullo.app */ = {isa = PBXFileReference; explicitFileType = wrapper.application; includeInIndex = 0; path = iRullo.app; sourceTree = BUILT_PRODUCTS_DIR; };
		78D46DC32B51C62000A450AD /* iRulloApp.swift */ = {isa = PBXFileReference; lastKnownFileType = sourcecode.swift; path = iRulloApp.swift; sourceTree = "<group>"; };
		78D46DC72B51C62100A450AD /* Assets.xcassets */ = {isa = PBXFileReference; lastKnownFileType = folder.assetcatalog; path = Assets.xcassets; sourceTree = "<group>"; };
		78D46DCA2B51C62100A450AD /* Preview Assets.xcassets */ = {isa = PBXFileReference; lastKnownFileType = folder.assetcatalog; path = "Preview Assets.xcassets"; sourceTree = "<group>"; };
		78F8156E2C4968AC00EFF38B /* MainView.swift */ = {isa = PBXFileReference; lastKnownFileType = sourcecode.swift; path = MainView.swift; sourceTree = "<group>"; };
		78F815722C49693C00EFF38B /* NetworkRequestable.swift */ = {isa = PBXFileReference; lastKnownFileType = sourcecode.swift; path = NetworkRequestable.swift; sourceTree = "<group>"; };
		78F815742C4969AA00EFF38B /* Helpers.swift */ = {isa = PBXFileReference; lastKnownFileType = sourcecode.swift; path = Helpers.swift; sourceTree = "<group>"; };
		78F815792C496B2300EFF38B /* PortadaView.swift */ = {isa = PBXFileReference; lastKnownFileType = sourcecode.swift; path = PortadaView.swift; sourceTree = "<group>"; };
		78F8157B2C496B2E00EFF38B /* PortadaPresenter.swift */ = {isa = PBXFileReference; lastKnownFileType = sourcecode.swift; path = PortadaPresenter.swift; sourceTree = "<group>"; };
		78F8157E2C496BBD00EFF38B /* PortadaModel.swift */ = {isa = PBXFileReference; lastKnownFileType = sourcecode.swift; path = PortadaModel.swift; sourceTree = "<group>"; };
/* End PBXFileReference section */

/* Begin PBXFrameworksBuildPhase section */
		78D46DBD2B51C62000A450AD /* Frameworks */ = {
			isa = PBXFrameworksBuildPhase;
			buildActionMask = 2147483647;
			files = (
			);
			runOnlyForDeploymentPostprocessing = 0;
		};
/* End PBXFrameworksBuildPhase section */

/* Begin PBXGroup section */
		7871935D2C64A23E0085DD10 /* Modifiers */ = {
			isa = PBXGroup;
			children = (
				7871935E2C64A24D0085DD10 /* LoaderModifier.swift */,
			);
			path = Modifiers;
			sourceTree = "<group>";
		};
		787193622C64F00D0085DD10 /* PortadaBaloncestoView */ = {
			isa = PBXGroup;
			children = (
				787193632C64F02B0085DD10 /* PortadaBaloncestoView.swift */,
				787193652C64F0480085DD10 /* PortadaBaloncestoPresenter.swift */,
				787193672C64F04F0085DD10 /* PortadaBaloncestoProvider.swift */,
				787193692C64F0590085DD10 /* PortadaBaloncestoCoordinator.swift */,
			);
			path = PortadaBaloncestoView;
			sourceTree = "<group>";
		};
		787193712C6516BD0085DD10 /* PortadaMasDeporteView */ = {
			isa = PBXGroup;
			children = (
				787193722C6516D80085DD10 /* PortadaMasDeporteView.swift */,
				787193742C6516E90085DD10 /* PortadaMasDeportePresenter.swift */,
				787193762C6516F10085DD10 /* PortadaMasDeporteProvider.swift */,
				787193782C6516F80085DD10 /* PortadaMasDeporteCoordinator.swift */,
			);
			path = PortadaMasDeporteView;
			sourceTree = "<group>";
		};
		7871937C2C651CA60085DD10 /* PortadaMotorView */ = {
			isa = PBXGroup;
			children = (
				7871937D2C651CD40085DD10 /* PortadaMotorView.swift */,
				7871937F2C651CE50085DD10 /* PortadaMotorPresenter.swift */,
				787193812C651CEE0085DD10 /* PortadaMotorProvider.swift */,
				787193832C651CF70085DD10 /* PortadaMotorCoordinator.swift */,
			);
			path = PortadaMotorView;
			sourceTree = "<group>";
		};
		787193872C6524AF0085DD10 /* PortadaTenisView */ = {
			isa = PBXGroup;
			children = (
				787193892C65F8230085DD10 /* PortadaTenisView.swift */,
				7871938B2C65F8330085DD10 /* PortadaTenisPresenter.swift */,
				7871938D2C65F83C0085DD10 /* PortadaTenisProvider.swift */,
				7871938F2C65F8440085DD10 /* PortadaTenisCoordinator.swift */,
			);
			path = PortadaTenisView;
			sourceTree = "<group>";
		};
		787193882C6524BB0085DD10 /* PortadaCiclismoView */ = {
			isa = PBXGroup;
			children = (
			);
			path = PortadaCiclismoView;
			sourceTree = "<group>";
		};
		787471A02C4A6EC0008ACBBD /* BaseMVVM */ = {
			isa = PBXGroup;
			children = (
				787471A12C4A6EDD008ACBBD /* BaseMVVM.swift */,
			);
			path = BaseMVVM;
			sourceTree = "<group>";
		};
		787471A72C4A7329008ACBBD /* HomeView */ = {
			isa = PBXGroup;
			children = (
				787471A82C4A7348008ACBBD /* HomePresenter.swift */,
				787471AA2C4A7363008ACBBD /* HomeView.swift */,
			);
			path = HomeView;
			sourceTree = "<group>";
		};
		787471AE2C4AD2A3008ACBBD /* Components */ = {
			isa = PBXGroup;
			children = (
				787471AF2C4AD2BB008ACBBD /* PortadaTipoUno.swift */,
				78ABA2DF2C5800D500155FC9 /* PortadaCarrouselVideos.swift */,
				78ABA2DD2C57FFA600155FC9 /* PortadaVideoGenericoView.swift */,
				787471B32C4AEDF2008ACBBD /* PortadaTipoDos.swift */,
				78ABA2D92C57DE4700155FC9 /* CustomWebView.swift */,
				78ABA2DB2C57E69A00155FC9 /* MainHeaderView.swift */,
				7871935B2C64A2090085DD10 /* LoaderView.swift */,
				7871936B2C6512860085DD10 /* PortadaBaloncestoTipoUno.swift */,
				7871937A2C6518CA0085DD10 /* PortadaMasDeporteTipoDos.swift */,
				787193852C651F720085DD10 /* PortadaMotorTipoUnoView.swift */,
				787193932C6624A70085DD10 /* PortadaTenisTipoUno.swift */,
			);
			path = Components;
			sourceTree = "<group>";
		};
		78ABA2E32C580AB900155FC9 /* VideosView */ = {
			isa = PBXGroup;
			children = (
				78ABA2E42C580ACF00155FC9 /* VideosView.swift */,
				78ABA2E62C580AE700155FC9 /* VideosPresenter.swift */,
				78ABA2E82C580BC900155FC9 /* VideosProvider.swift */,
				78ABA2EA2C580CB100155FC9 /* VideosCoordinator.swift */,
			);
			path = VideosView;
			sourceTree = "<group>";
		};
		78ABA2EC2C5BE7BB00155FC9 /* PortadaFutbolView */ = {
			isa = PBXGroup;
			children = (
				78ABA2ED2C5BE7D500155FC9 /* PortadaFutbolView.swift */,
				78ABA2EF2C5BE7EF00155FC9 /* PortadaFutbolPresenter.swift */,
				78ABA2F12C5BE7F900155FC9 /* PortadaFutbolProvider.swift */,
				78ABA2F32C5BE80100155FC9 /* PortadaFutbolCoordinator.swift */,
			);
			path = PortadaFutbolView;
			sourceTree = "<group>";
		};
		78D46DB72B51C62000A450AD = {
			isa = PBXGroup;
			children = (
				78D46DC22B51C62000A450AD /* iRullo */,
				78D46DC12B51C62000A450AD /* Products */,
			);
			sourceTree = "<group>";
		};
		78D46DC12B51C62000A450AD /* Products */ = {
			isa = PBXGroup;
			children = (
				78D46DC02B51C62000A450AD /* iRullo.app */,
			);
			name = Products;
			sourceTree = "<group>";
		};
		78D46DC22B51C62000A450AD /* iRullo */ = {
			isa = PBXGroup;
			children = (
				7871935D2C64A23E0085DD10 /* Modifiers */,
				787471AE2C4AD2A3008ACBBD /* Components */,
				787471A02C4A6EC0008ACBBD /* BaseMVVM */,
				78F815772C496B0900EFF38B /* Views */,
				78F815762C496AFC00EFF38B /* CoreApp */,
				78F815712C49692600EFF38B /* Helpers */,
				78F815702C49691E00EFF38B /* Service */,
				78D46DC72B51C62100A450AD /* Assets.xcassets */,
				78D46DC92B51C62100A450AD /* Preview Content */,
			);
			path = iRullo;
			sourceTree = "<group>";
		};
		78D46DC92B51C62100A450AD /* Preview Content */ = {
			isa = PBXGroup;
			children = (
				78D46DCA2B51C62100A450AD /* Preview Assets.xcassets */,
			);
			path = "Preview Content";
			sourceTree = "<group>";
		};
		78F815702C49691E00EFF38B /* Service */ = {
			isa = PBXGroup;
			children = (
				78F815722C49693C00EFF38B /* NetworkRequestable.swift */,
				787471982C4A6BBA008ACBBD /* RequestModel.swift */,
				7874719A2C4A6BF5008ACBBD /* Service.swift */,
				7874719C2C4A6C13008ACBBD /* NetworkError.swift */,
			);
			path = Service;
			sourceTree = "<group>";
		};
		78F815712C49692600EFF38B /* Helpers */ = {
			isa = PBXGroup;
			children = (
				78F815742C4969AA00EFF38B /* Helpers.swift */,
				7874719E2C4A6C39008ACBBD /* Logger.swift */,
				787471B12C4AD551008ACBBD /* ImageLoader.swift */,
			);
			path = Helpers;
			sourceTree = "<group>";
		};
		78F815762C496AFC00EFF38B /* CoreApp */ = {
			isa = PBXGroup;
			children = (
				78D46DC32B51C62000A450AD /* iRulloApp.swift */,
				78F8156E2C4968AC00EFF38B /* MainView.swift */,
			);
			path = CoreApp;
			sourceTree = "<group>";
		};
		78F815772C496B0900EFF38B /* Views */ = {
			isa = PBXGroup;
			children = (
				787193882C6524BB0085DD10 /* PortadaCiclismoView */,
				787193872C6524AF0085DD10 /* PortadaTenisView */,
				7871937C2C651CA60085DD10 /* PortadaMotorView */,
				787193712C6516BD0085DD10 /* PortadaMasDeporteView */,
				787193622C64F00D0085DD10 /* PortadaBaloncestoView */,
				78ABA2EC2C5BE7BB00155FC9 /* PortadaFutbolView */,
				78ABA2E32C580AB900155FC9 /* VideosView */,
				787471A72C4A7329008ACBBD /* HomeView */,
				78F8157D2C496BAB00EFF38B /* Modelos */,
				78F815782C496B1100EFF38B /* PortadaView */,
			);
			path = Views;
			sourceTree = "<group>";
		};
		78F815782C496B1100EFF38B /* PortadaView */ = {
			isa = PBXGroup;
			children = (
				78F815792C496B2300EFF38B /* PortadaView.swift */,
				78F8157B2C496B2E00EFF38B /* PortadaPresenter.swift */,
				787471A52C4A6F7B008ACBBD /* PortadaProvider.swift */,
				787471A32C4A6F18008ACBBD /* PortadaCoordinator.swift */,
			);
			path = PortadaView;
			sourceTree = "<group>";
		};
		78F8157D2C496BAB00EFF38B /* Modelos */ = {
			isa = PBXGroup;
			children = (
				78F8157E2C496BBD00EFF38B /* PortadaModel.swift */,
				78ABA2D72C53A14E00155FC9 /* TredingBarModel.swift */,
				78ABA2E12C58023200155FC9 /* VideosCarrouselModel.swift */,
				78ABA2F52C5BE9CF00155FC9 /* PortadaFutbolModel.swift */,
				787193602C64AA080085DD10 /* PortadaBaloncestoModel.swift */,
				7871936D2C6516410085DD10 /* PortadaMotorModel.swift */,
				7871936F2C65167D0085DD10 /* PortadaMasDeporteModel.swift */,
				787193912C66217D0085DD10 /* PortadaTenisModel.swift */,
			);
			path = Modelos;
			sourceTree = "<group>";
		};
/* End PBXGroup section */

/* Begin PBXNativeTarget section */
		78D46DBF2B51C62000A450AD /* iRullo */ = {
			isa = PBXNativeTarget;
			buildConfigurationList = 78D46DCE2B51C62100A450AD /* Build configuration list for PBXNativeTarget "iRullo" */;
			buildPhases = (
				78D46DBC2B51C62000A450AD /* Sources */,
				78D46DBD2B51C62000A450AD /* Frameworks */,
				78D46DBE2B51C62000A450AD /* Resources */,
			);
			buildRules = (
			);
			dependencies = (
			);
			name = iRullo;
			productName = iRullo;
			productReference = 78D46DC02B51C62000A450AD /* iRullo.app */;
			productType = "com.apple.product-type.application";
		};
/* End PBXNativeTarget section */

/* Begin PBXProject section */
		78D46DB82B51C62000A450AD /* Project object */ = {
			isa = PBXProject;
			attributes = {
				BuildIndependentTargetsInParallel = 1;
				LastSwiftUpdateCheck = 1500;
				LastUpgradeCheck = 1500;
				TargetAttributes = {
					78D46DBF2B51C62000A450AD = {
						CreatedOnToolsVersion = 15.0.1;
					};
				};
			};
			buildConfigurationList = 78D46DBB2B51C62000A450AD /* Build configuration list for PBXProject "iRullo" */;
			compatibilityVersion = "Xcode 14.0";
			developmentRegion = en;
			hasScannedForEncodings = 0;
			knownRegions = (
				en,
				Base,
			);
			mainGroup = 78D46DB72B51C62000A450AD;
			productRefGroup = 78D46DC12B51C62000A450AD /* Products */;
			projectDirPath = "";
			projectRoot = "";
			targets = (
				78D46DBF2B51C62000A450AD /* iRullo */,
			);
		};
/* End PBXProject section */

/* Begin PBXResourcesBuildPhase section */
		78D46DBE2B51C62000A450AD /* Resources */ = {
			isa = PBXResourcesBuildPhase;
			buildActionMask = 2147483647;
			files = (
				78D46DCB2B51C62100A450AD /* Preview Assets.xcassets in Resources */,
				78D46DC82B51C62100A450AD /* Assets.xcassets in Resources */,
			);
			runOnlyForDeploymentPostprocessing = 0;
		};
/* End PBXResourcesBuildPhase section */

/* Begin PBXSourcesBuildPhase section */
		78D46DBC2B51C62000A450AD /* Sources */ = {
			isa = PBXSourcesBuildPhase;
			buildActionMask = 2147483647;
			files = (
				7871938A2C65F8230085DD10 /* PortadaTenisView.swift in Sources */,
				78ABA2E52C580ACF00155FC9 /* VideosView.swift in Sources */,
				78ABA2E72C580AE700155FC9 /* VideosPresenter.swift in Sources */,
				78F8157F2C496BBD00EFF38B /* PortadaModel.swift in Sources */,
				78F8157C2C496B2E00EFF38B /* PortadaPresenter.swift in Sources */,
				78ABA2F42C5BE80100155FC9 /* PortadaFutbolCoordinator.swift in Sources */,
				787193802C651CE50085DD10 /* PortadaMotorPresenter.swift in Sources */,
				7871936A2C64F0590085DD10 /* PortadaBaloncestoCoordinator.swift in Sources */,
				78ABA2D82C53A14E00155FC9 /* TredingBarModel.swift in Sources */,
				78F8156F2C4968AC00EFF38B /* MainView.swift in Sources */,
				78ABA2E02C5800D500155FC9 /* PortadaCarrouselVideos.swift in Sources */,
				78ABA2DE2C57FFA600155FC9 /* PortadaVideoGenericoView.swift in Sources */,
				78F8157A2C496B2300EFF38B /* PortadaView.swift in Sources */,
				787471A62C4A6F7B008ACBBD /* PortadaProvider.swift in Sources */,
				787193902C65F8440085DD10 /* PortadaTenisCoordinator.swift in Sources */,
				787193752C6516E90085DD10 /* PortadaMasDeportePresenter.swift in Sources */,
				787471AB2C4A7363008ACBBD /* HomeView.swift in Sources */,
				787471A22C4A6EDD008ACBBD /* BaseMVVM.swift in Sources */,
				78F815732C49693C00EFF38B /* NetworkRequestable.swift in Sources */,
				787471A42C4A6F18008ACBBD /* PortadaCoordinator.swift in Sources */,
				787471B22C4AD551008ACBBD /* ImageLoader.swift in Sources */,
				787193922C66217D0085DD10 /* PortadaTenisModel.swift in Sources */,
				78ABA2EB2C580CB100155FC9 /* VideosCoordinator.swift in Sources */,
				7871935C2C64A2090085DD10 /* LoaderView.swift in Sources */,
				787471992C4A6BBA008ACBBD /* RequestModel.swift in Sources */,
				787193662C64F0480085DD10 /* PortadaBaloncestoPresenter.swift in Sources */,
				78D46DC42B51C62000A450AD /* iRulloApp.swift in Sources */,
				7874719F2C4A6C39008ACBBD /* Logger.swift in Sources */,
				7871937E2C651CD40085DD10 /* PortadaMotorView.swift in Sources */,
				787193702C65167D0085DD10 /* PortadaMasDeporteModel.swift in Sources */,
				7871938C2C65F8330085DD10 /* PortadaTenisPresenter.swift in Sources */,
				78ABA2DA2C57DE4700155FC9 /* CustomWebView.swift in Sources */,
				7874719B2C4A6BF5008ACBBD /* Service.swift in Sources */,
				787193862C651F720085DD10 /* PortadaMotorTipoUnoView.swift in Sources */,
				78ABA2F02C5BE7EF00155FC9 /* PortadaFutbolPresenter.swift in Sources */,
				78ABA2E92C580BC900155FC9 /* VideosProvider.swift in Sources */,
				78F815752C4969AA00EFF38B /* Helpers.swift in Sources */,
				787193732C6516D80085DD10 /* PortadaMasDeporteView.swift in Sources */,
				78ABA2F22C5BE7F900155FC9 /* PortadaFutbolProvider.swift in Sources */,
				787193792C6516F80085DD10 /* PortadaMasDeporteCoordinator.swift in Sources */,
				787193942C6624A70085DD10 /* PortadaTenisTipoUno.swift in Sources */,
				78ABA2E22C58023200155FC9 /* VideosCarrouselModel.swift in Sources */,
				787193842C651CF70085DD10 /* PortadaMotorCoordinator.swift in Sources */,
				78ABA2DC2C57E69A00155FC9 /* MainHeaderView.swift in Sources */,
				787193612C64AA080085DD10 /* PortadaBaloncestoModel.swift in Sources */,
				7871938E2C65F83C0085DD10 /* PortadaTenisProvider.swift in Sources */,
				7871935F2C64A24D0085DD10 /* LoaderModifier.swift in Sources */,
				7874719D2C4A6C13008ACBBD /* NetworkError.swift in Sources */,
				7871936E2C6516410085DD10 /* PortadaMotorModel.swift in Sources */,
				7871937B2C6518CA0085DD10 /* PortadaMasDeporteTipoDos.swift in Sources */,
				78ABA2F62C5BE9CF00155FC9 /* PortadaFutbolModel.swift in Sources */,
				787193682C64F04F0085DD10 /* PortadaBaloncestoProvider.swift in Sources */,
				78ABA2EE2C5BE7D500155FC9 /* PortadaFutbolView.swift in Sources */,
				787471B42C4AEDF2008ACBBD /* PortadaTipoDos.swift in Sources */,
				787471B02C4AD2BB008ACBBD /* PortadaTipoUno.swift in Sources */,
				787193642C64F02B0085DD10 /* PortadaBaloncestoView.swift in Sources */,
				787193822C651CEE0085DD10 /* PortadaMotorProvider.swift in Sources */,
				7871936C2C6512860085DD10 /* PortadaBaloncestoTipoUno.swift in Sources */,
				787193772C6516F10085DD10 /* PortadaMasDeporteProvider.swift in Sources */,
				787471A92C4A7348008ACBBD /* HomePresenter.swift in Sources */,
			);
			runOnlyForDeploymentPostprocessing = 0;
		};
/* End PBXSourcesBuildPhase section */

/* Begin XCBuildConfiguration section */
		78D46DCC2B51C62100A450AD /* Debug */ = {
			isa = XCBuildConfiguration;
			buildSettings = {
				ALWAYS_SEARCH_USER_PATHS = NO;
				ASSETCATALOG_COMPILER_GENERATE_SWIFT_ASSET_SYMBOL_EXTENSIONS = YES;
				CLANG_ANALYZER_NONNULL = YES;
				CLANG_ANALYZER_NUMBER_OBJECT_CONVERSION = YES_AGGRESSIVE;
				CLANG_CXX_LANGUAGE_STANDARD = "gnu++20";
				CLANG_ENABLE_MODULES = YES;
				CLANG_ENABLE_OBJC_ARC = YES;
				CLANG_ENABLE_OBJC_WEAK = YES;
				CLANG_WARN_BLOCK_CAPTURE_AUTORELEASING = YES;
				CLANG_WARN_BOOL_CONVERSION = YES;
				CLANG_WARN_COMMA = YES;
				CLANG_WARN_CONSTANT_CONVERSION = YES;
				CLANG_WARN_DEPRECATED_OBJC_IMPLEMENTATIONS = YES;
				CLANG_WARN_DIRECT_OBJC_ISA_USAGE = YES_ERROR;
				CLANG_WARN_DOCUMENTATION_COMMENTS = YES;
				CLANG_WARN_EMPTY_BODY = YES;
				CLANG_WARN_ENUM_CONVERSION = YES;
				CLANG_WARN_INFINITE_RECURSION = YES;
				CLANG_WARN_INT_CONVERSION = YES;
				CLANG_WARN_NON_LITERAL_NULL_CONVERSION = YES;
				CLANG_WARN_OBJC_IMPLICIT_RETAIN_SELF = YES;
				CLANG_WARN_OBJC_LITERAL_CONVERSION = YES;
				CLANG_WARN_OBJC_ROOT_CLASS = YES_ERROR;
				CLANG_WARN_QUOTED_INCLUDE_IN_FRAMEWORK_HEADER = YES;
				CLANG_WARN_RANGE_LOOP_ANALYSIS = YES;
				CLANG_WARN_STRICT_PROTOTYPES = YES;
				CLANG_WARN_SUSPICIOUS_MOVE = YES;
				CLANG_WARN_UNGUARDED_AVAILABILITY = YES_AGGRESSIVE;
				CLANG_WARN_UNREACHABLE_CODE = YES;
				CLANG_WARN__DUPLICATE_METHOD_MATCH = YES;
				COPY_PHASE_STRIP = NO;
				DEBUG_INFORMATION_FORMAT = dwarf;
				ENABLE_STRICT_OBJC_MSGSEND = YES;
				ENABLE_TESTABILITY = YES;
				ENABLE_USER_SCRIPT_SANDBOXING = YES;
				GCC_C_LANGUAGE_STANDARD = gnu17;
				GCC_DYNAMIC_NO_PIC = NO;
				GCC_NO_COMMON_BLOCKS = YES;
				GCC_OPTIMIZATION_LEVEL = 0;
				GCC_PREPROCESSOR_DEFINITIONS = (
					"DEBUG=1",
					"$(inherited)",
				);
				GCC_WARN_64_TO_32_BIT_CONVERSION = YES;
				GCC_WARN_ABOUT_RETURN_TYPE = YES_ERROR;
				GCC_WARN_UNDECLARED_SELECTOR = YES;
				GCC_WARN_UNINITIALIZED_AUTOS = YES_AGGRESSIVE;
				GCC_WARN_UNUSED_FUNCTION = YES;
				GCC_WARN_UNUSED_VARIABLE = YES;
				IPHONEOS_DEPLOYMENT_TARGET = 17.0;
				LOCALIZATION_PREFERS_STRING_CATALOGS = YES;
				MTL_ENABLE_DEBUG_INFO = INCLUDE_SOURCE;
				MTL_FAST_MATH = YES;
				ONLY_ACTIVE_ARCH = YES;
				SDKROOT = iphoneos;
				SWIFT_ACTIVE_COMPILATION_CONDITIONS = "DEBUG $(inherited)";
				SWIFT_OPTIMIZATION_LEVEL = "-Onone";
			};
			name = Debug;
		};
		78D46DCD2B51C62100A450AD /* Release */ = {
			isa = XCBuildConfiguration;
			buildSettings = {
				ALWAYS_SEARCH_USER_PATHS = NO;
				ASSETCATALOG_COMPILER_GENERATE_SWIFT_ASSET_SYMBOL_EXTENSIONS = YES;
				CLANG_ANALYZER_NONNULL = YES;
				CLANG_ANALYZER_NUMBER_OBJECT_CONVERSION = YES_AGGRESSIVE;
				CLANG_CXX_LANGUAGE_STANDARD = "gnu++20";
				CLANG_ENABLE_MODULES = YES;
				CLANG_ENABLE_OBJC_ARC = YES;
				CLANG_ENABLE_OBJC_WEAK = YES;
				CLANG_WARN_BLOCK_CAPTURE_AUTORELEASING = YES;
				CLANG_WARN_BOOL_CONVERSION = YES;
				CLANG_WARN_COMMA = YES;
				CLANG_WARN_CONSTANT_CONVERSION = YES;
				CLANG_WARN_DEPRECATED_OBJC_IMPLEMENTATIONS = YES;
				CLANG_WARN_DIRECT_OBJC_ISA_USAGE = YES_ERROR;
				CLANG_WARN_DOCUMENTATION_COMMENTS = YES;
				CLANG_WARN_EMPTY_BODY = YES;
				CLANG_WARN_ENUM_CONVERSION = YES;
				CLANG_WARN_INFINITE_RECURSION = YES;
				CLANG_WARN_INT_CONVERSION = YES;
				CLANG_WARN_NON_LITERAL_NULL_CONVERSION = YES;
				CLANG_WARN_OBJC_IMPLICIT_RETAIN_SELF = YES;
				CLANG_WARN_OBJC_LITERAL_CONVERSION = YES;
				CLANG_WARN_OBJC_ROOT_CLASS = YES_ERROR;
				CLANG_WARN_QUOTED_INCLUDE_IN_FRAMEWORK_HEADER = YES;
				CLANG_WARN_RANGE_LOOP_ANALYSIS = YES;
				CLANG_WARN_STRICT_PROTOTYPES = YES;
				CLANG_WARN_SUSPICIOUS_MOVE = YES;
				CLANG_WARN_UNGUARDED_AVAILABILITY = YES_AGGRESSIVE;
				CLANG_WARN_UNREACHABLE_CODE = YES;
				CLANG_WARN__DUPLICATE_METHOD_MATCH = YES;
				COPY_PHASE_STRIP = NO;
				DEBUG_INFORMATION_FORMAT = "dwarf-with-dsym";
				ENABLE_NS_ASSERTIONS = NO;
				ENABLE_STRICT_OBJC_MSGSEND = YES;
				ENABLE_USER_SCRIPT_SANDBOXING = YES;
				GCC_C_LANGUAGE_STANDARD = gnu17;
				GCC_NO_COMMON_BLOCKS = YES;
				GCC_WARN_64_TO_32_BIT_CONVERSION = YES;
				GCC_WARN_ABOUT_RETURN_TYPE = YES_ERROR;
				GCC_WARN_UNDECLARED_SELECTOR = YES;
				GCC_WARN_UNINITIALIZED_AUTOS = YES_AGGRESSIVE;
				GCC_WARN_UNUSED_FUNCTION = YES;
				GCC_WARN_UNUSED_VARIABLE = YES;
				IPHONEOS_DEPLOYMENT_TARGET = 17.0;
				LOCALIZATION_PREFERS_STRING_CATALOGS = YES;
				MTL_ENABLE_DEBUG_INFO = NO;
				MTL_FAST_MATH = YES;
				SDKROOT = iphoneos;
				SWIFT_COMPILATION_MODE = wholemodule;
				VALIDATE_PRODUCT = YES;
			};
			name = Release;
		};
		78D46DCF2B51C62100A450AD /* Debug */ = {
			isa = XCBuildConfiguration;
			buildSettings = {
				ASSETCATALOG_COMPILER_APPICON_NAME = AppIcon;
				ASSETCATALOG_COMPILER_GLOBAL_ACCENT_COLOR_NAME = AccentColor;
				CODE_SIGN_STYLE = Automatic;
				CURRENT_PROJECT_VERSION = 1;
				DEVELOPMENT_ASSET_PATHS = "\"iRullo/Preview Content\"";
				DEVELOPMENT_TEAM = 2C7W4RF846;
				ENABLE_PREVIEWS = YES;
				GENERATE_INFOPLIST_FILE = YES;
				INFOPLIST_KEY_UIApplicationSceneManifest_Generation = YES;
				INFOPLIST_KEY_UIApplicationSupportsIndirectInputEvents = YES;
				INFOPLIST_KEY_UILaunchScreen_Generation = YES;
				INFOPLIST_KEY_UISupportedInterfaceOrientations_iPad = "UIInterfaceOrientationPortrait UIInterfaceOrientationPortraitUpsideDown UIInterfaceOrientationLandscapeLeft UIInterfaceOrientationLandscapeRight";
				INFOPLIST_KEY_UISupportedInterfaceOrientations_iPhone = "UIInterfaceOrientationPortrait UIInterfaceOrientationLandscapeLeft UIInterfaceOrientationLandscapeRight";
				LD_RUNPATH_SEARCH_PATHS = (
					"$(inherited)",
					"@executable_path/Frameworks",
				);
				MARKETING_VERSION = 1.0;
				PRODUCT_BUNDLE_IDENTIFIER = com.icologic.iRullo.iRullo;
				PRODUCT_NAME = "$(TARGET_NAME)";
				SWIFT_EMIT_LOC_STRINGS = YES;
				SWIFT_VERSION = 5.0;
				TARGETED_DEVICE_FAMILY = "1,2";
			};
			name = Debug;
		};
		78D46DD02B51C62100A450AD /* Release */ = {
			isa = XCBuildConfiguration;
			buildSettings = {
				ASSETCATALOG_COMPILER_APPICON_NAME = AppIcon;
				ASSETCATALOG_COMPILER_GLOBAL_ACCENT_COLOR_NAME = AccentColor;
				CODE_SIGN_STYLE = Automatic;
				CURRENT_PROJECT_VERSION = 1;
				DEVELOPMENT_ASSET_PATHS = "\"iRullo/Preview Content\"";
				DEVELOPMENT_TEAM = 2C7W4RF846;
				ENABLE_PREVIEWS = YES;
				GENERATE_INFOPLIST_FILE = YES;
				INFOPLIST_KEY_UIApplicationSceneManifest_Generation = YES;
				INFOPLIST_KEY_UIApplicationSupportsIndirectInputEvents = YES;
				INFOPLIST_KEY_UILaunchScreen_Generation = YES;
				INFOPLIST_KEY_UISupportedInterfaceOrientations_iPad = "UIInterfaceOrientationPortrait UIInterfaceOrientationPortraitUpsideDown UIInterfaceOrientationLandscapeLeft UIInterfaceOrientationLandscapeRight";
				INFOPLIST_KEY_UISupportedInterfaceOrientations_iPhone = "UIInterfaceOrientationPortrait UIInterfaceOrientationLandscapeLeft UIInterfaceOrientationLandscapeRight";
				LD_RUNPATH_SEARCH_PATHS = (
					"$(inherited)",
					"@executable_path/Frameworks",
				);
				MARKETING_VERSION = 1.0;
				PRODUCT_BUNDLE_IDENTIFIER = com.icologic.iRullo.iRullo;
				PRODUCT_NAME = "$(TARGET_NAME)";
				SWIFT_EMIT_LOC_STRINGS = YES;
				SWIFT_VERSION = 5.0;
				TARGETED_DEVICE_FAMILY = "1,2";
			};
			name = Release;
		};
/* End XCBuildConfiguration section */

/* Begin XCConfigurationList section */
		78D46DBB2B51C62000A450AD /* Build configuration list for PBXProject "iRullo" */ = {
			isa = XCConfigurationList;
			buildConfigurations = (
				78D46DCC2B51C62100A450AD /* Debug */,
				78D46DCD2B51C62100A450AD /* Release */,
			);
			defaultConfigurationIsVisible = 0;
			defaultConfigurationName = Release;
		};
		78D46DCE2B51C62100A450AD /* Build configuration list for PBXNativeTarget "iRullo" */ = {
			isa = XCConfigurationList;
			buildConfigurations = (
				78D46DCF2B51C62100A450AD /* Debug */,
				78D46DD02B51C62100A450AD /* Release */,
			);
			defaultConfigurationIsVisible = 0;
			defaultConfigurationName = Release;
		};
/* End XCConfigurationList section */
	};
	rootObject = 78D46DB82B51C62000A450AD /* Project object */;
}
